# THIS IS AN AUTOGENERATED FILE. DO NOT EDIT THIS FILE DIRECTLY.
# yarn lockfile v1


prisma2@2.0.0-preview015:
  version "2.0.0-preview015"
  resolved "https://registry.yarnpkg.com/prisma2/-/prisma2-2.0.0-preview015.tgz#0390b1db7c0b7d4eb5892652d77756f7598ff398"
  integrity sha512-1vPWsdikTTrIsNlDq6TIIGzZfb5BEurryL6lnT5QxdHYvTZXvNj9pJFHlvlxQpegtqZGITUNM+h7Dud+Y1kUtA==
